
Microsoft Visual Studio Solution File, Format Version 12.00
# Visual Studio Version 17
VisualStudioVersion = 17.9.34723.18
MinimumVisualStudioVersion = 10.0.40219.1
Project("{FAE04EC0-301F-11D3-BF4B-00C04F79EFBC}") = "ListaPersonas", "ListaPersonas\ListaPersonas.csproj", "{9BFDE713-D856-4EE8-A31C-F38BDC4541EE}"
EndProject
Global
	GlobalSection(SolutionConfigurationPlatforms) = preSolution
		Debug|Any CPU = Debug|Any CPU
		Release|Any CPU = Release|Any CPU
	EndGlobalSection
	GlobalSection(ProjectConfigurationPlatforms) = postSolution
		{9BFDE713-D856-4EE8-A31C-F38BDC4541EE}.Debug|Any CPU.ActiveCfg = Debug|Any CPU
		{9BFDE713-D856-4EE8-A31C-F38BDC4541EE}.Debug|Any CPU.Build.0 = Debug|Any CPU
		{9BFDE713-D856-4EE8-A31C-F38BDC4541EE}.Release|Any CPU.ActiveCfg = Release|Any CPU
		{9BFDE713-D856-4EE8-A31C-F38BDC4541EE}.Release|Any CPU.Build.0 = Release|Any CPU
	EndGlobalSection
	GlobalSection(SolutionProperties) = preSolution
		HideSolutionNode = FALSE
	EndGlobalSection
	GlobalSection(ExtensibilityGlobals) = postSolution
		SolutionGuid = {87B5E7B7-79F7-46F3-A114-173DB7F3F0F1}
	EndGlobalSection
EndGlobal
